
Microsoft Visual Studio Solution File, Format Version 12.00
# Visual Studio Version 17
VisualStudioVersion = 17.11.35312.102
MinimumVisualStudioVersion = 10.0.40219.1
Project("{2150E333-8FDC-42A3-9474-1A3956D46DE8}") = "Task0", "Task0", "{20D53A05-BF41-463B-A349-ADA0150B50BD}"
EndProject
Project("{FAE04EC0-301F-11D3-BF4B-00C04F79EFBC}") = "Tyuiu.NazarenkoVV.Sprint1.Task0.V30", "Tyuiu.NazarenkoVV.Sprint1.Task0.V30\Tyuiu.NazarenkoVV.Sprint1.Task0.V30.csproj", "{CDABF70B-1F94-4241-8E7F-88A019200C32}"
EndProject
Project("{FAE04EC0-301F-11D3-BF4B-00C04F79EFBC}") = "Tyuiu.NazarenkoVV.Sprint1.Task0.V30.Lib", "Tyuiu.NazarenkoVV.Sprint1.Task0.V30.Lib\Tyuiu.NazarenkoVV.Sprint1.Task0.V30.Lib.csproj", "{F1CBFA1B-1D8F-4713-97AD-1A4A0CC33FB4}"
EndProject
Project("{FAE04EC0-301F-11D3-BF4B-00C04F79EFBC}") = "Tyuiu.NazarenkoVV.Sprint1.Task0.V30.Test", "Tyuiu.NazarenkoVV.Sprint1.Task0.V30.Test\Tyuiu.NazarenkoVV.Sprint1.Task0.V30.Test.csproj", "{D31BF750-781C-424F-92B1-711E4CA0E092}"
EndProject
Project("{2150E333-8FDC-42A3-9474-1A3956D46DE8}") = "Task1", "Task1", "{AF955E8A-8A15-4911-B62D-6EE54532103B}"
EndProject
Project("{FAE04EC0-301F-11D3-BF4B-00C04F79EFBC}") = "Tyuiu.NazarenkoVV.Sprint1.Task1.V22", "Tyuiu.NazarenkoVV.Sprint1.Task1.V22\Tyuiu.NazarenkoVV.Sprint1.Task1.V22.csproj", "{1AE63DC6-E24C-4B46-897E-6A2AA94EAB7A}"
EndProject
Project("{FAE04EC0-301F-11D3-BF4B-00C04F79EFBC}") = "Tyuiu.NazarenkoVV.Sprint1.Task1.V22.Lib", "Tyuiu.NazarenkoVV.Sprint1.Task1.V22.Lib\Tyuiu.NazarenkoVV.Sprint1.Task1.V22.Lib.csproj", "{2496DEBE-BA49-422F-9E12-13BAED685A06}"
EndProject
Project("{FAE04EC0-301F-11D3-BF4B-00C04F79EFBC}") = "Tyuiu.NazarenkoVV.Sprint1.Task1.V22.Test", "Tyuiu.NazarenkoVV.Sprint1.Task1.V22.Test\Tyuiu.NazarenkoVV.Sprint1.Task1.V22.Test.csproj", "{68A3B497-EC5A-4484-B193-47CA9A8F69F7}"
EndProject
Global
	GlobalSection(SolutionConfigurationPlatforms) = preSolution
		Debug|Any CPU = Debug|Any CPU
		Release|Any CPU = Release|Any CPU
	EndGlobalSection
	GlobalSection(ProjectConfigurationPlatforms) = postSolution
		{CDABF70B-1F94-4241-8E7F-88A019200C32}.Debug|Any CPU.ActiveCfg = Debug|Any CPU
		{CDABF70B-1F94-4241-8E7F-88A019200C32}.Debug|Any CPU.Build.0 = Debug|Any CPU
		{CDABF70B-1F94-4241-8E7F-88A019200C32}.Release|Any CPU.ActiveCfg = Release|Any CPU
		{CDABF70B-1F94-4241-8E7F-88A019200C32}.Release|Any CPU.Build.0 = Release|Any CPU
		{F1CBFA1B-1D8F-4713-97AD-1A4A0CC33FB4}.Debug|Any CPU.ActiveCfg = Debug|Any CPU
		{F1CBFA1B-1D8F-4713-97AD-1A4A0CC33FB4}.Debug|Any CPU.Build.0 = Debug|Any CPU
		{F1CBFA1B-1D8F-4713-97AD-1A4A0CC33FB4}.Release|Any CPU.ActiveCfg = Release|Any CPU
		{F1CBFA1B-1D8F-4713-97AD-1A4A0CC33FB4}.Release|Any CPU.Build.0 = Release|Any CPU
		{D31BF750-781C-424F-92B1-711E4CA0E092}.Debug|Any CPU.ActiveCfg = Debug|Any CPU
		{D31BF750-781C-424F-92B1-711E4CA0E092}.Debug|Any CPU.Build.0 = Debug|Any CPU
		{D31BF750-781C-424F-92B1-711E4CA0E092}.Release|Any CPU.ActiveCfg = Release|Any CPU
		{D31BF750-781C-424F-92B1-711E4CA0E092}.Release|Any CPU.Build.0 = Release|Any CPU
		{1AE63DC6-E24C-4B46-897E-6A2AA94EAB7A}.Debug|Any CPU.ActiveCfg = Debug|Any CPU
		{1AE63DC6-E24C-4B46-897E-6A2AA94EAB7A}.Debug|Any CPU.Build.0 = Debug|Any CPU
		{1AE63DC6-E24C-4B46-897E-6A2AA94EAB7A}.Release|Any CPU.ActiveCfg = Release|Any CPU
		{1AE63DC6-E24C-4B46-897E-6A2AA94EAB7A}.Release|Any CPU.Build.0 = Release|Any CPU
		{2496DEBE-BA49-422F-9E12-13BAED685A06}.Debug|Any CPU.ActiveCfg = Debug|Any CPU
		{2496DEBE-BA49-422F-9E12-13BAED685A06}.Debug|Any CPU.Build.0 = Debug|Any CPU
		{2496DEBE-BA49-422F-9E12-13BAED685A06}.Release|Any CPU.ActiveCfg = Release|Any CPU
		{2496DEBE-BA49-422F-9E12-13BAED685A06}.Release|Any CPU.Build.0 = Release|Any CPU
		{68A3B497-EC5A-4484-B193-47CA9A8F69F7}.Debug|Any CPU.ActiveCfg = Debug|Any CPU
		{68A3B497-EC5A-4484-B193-47CA9A8F69F7}.Debug|Any CPU.Build.0 = Debug|Any CPU
		{68A3B497-EC5A-4484-B193-47CA9A8F69F7}.Release|Any CPU.ActiveCfg = Release|Any CPU
		{68A3B497-EC5A-4484-B193-47CA9A8F69F7}.Release|Any CPU.Build.0 = Release|Any CPU
	EndGlobalSection
	GlobalSection(SolutionProperties) = preSolution
		HideSolutionNode = FALSE
	EndGlobalSection
	GlobalSection(NestedProjects) = preSolution
		{CDABF70B-1F94-4241-8E7F-88A019200C32} = {20D53A05-BF41-463B-A349-ADA0150B50BD}
		{F1CBFA1B-1D8F-4713-97AD-1A4A0CC33FB4} = {20D53A05-BF41-463B-A349-ADA0150B50BD}
		{D31BF750-781C-424F-92B1-711E4CA0E092} = {20D53A05-BF41-463B-A349-ADA0150B50BD}
		{1AE63DC6-E24C-4B46-897E-6A2AA94EAB7A} = {AF955E8A-8A15-4911-B62D-6EE54532103B}
		{2496DEBE-BA49-422F-9E12-13BAED685A06} = {AF955E8A-8A15-4911-B62D-6EE54532103B}
		{68A3B497-EC5A-4484-B193-47CA9A8F69F7} = {AF955E8A-8A15-4911-B62D-6EE54532103B}
	EndGlobalSection
	GlobalSection(ExtensibilityGlobals) = postSolution
		SolutionGuid = {FEA2290F-FE2E-4992-ADFE-F6B349F27814}
	EndGlobalSection
EndGlobal
