
Microsoft Visual Studio Solution File, Format Version 12.00
# Visual Studio Version 17
VisualStudioVersion = 17.11.35312.102
MinimumVisualStudioVersion = 10.0.40219.1
Project("{2150E333-8FDC-42A3-9474-1A3956D46DE8}") = "Task0", "Task0", "{20D53A05-BF41-463B-A349-ADA0150B50BD}"
EndProject
Project("{9A19103F-16F7-4668-BE54-9A1E7A4F7556}") = "Tyuiu.NazarenkoVV.Sprint1.Task0.V30", "Tyuiu.NazarenkoVV.Sprint1.Task0.V30\Tyuiu.NazarenkoVV.Sprint1.Task0.V30.csproj", "{CDABF70B-1F94-4241-8E7F-88A019200C32}"
EndProject
Project("{9A19103F-16F7-4668-BE54-9A1E7A4F7556}") = "Tyuiu.NazarenkoVV.Sprint1.Task0.V30.Lib", "Tyuiu.NazarenkoVV.Sprint1.Task0.V30.Lib\Tyuiu.NazarenkoVV.Sprint1.Task0.V30.Lib.csproj", "{F1CBFA1B-1D8F-4713-97AD-1A4A0CC33FB4}"
EndProject
Project("{9A19103F-16F7-4668-BE54-9A1E7A4F7556}") = "Tyuiu.NazarenkoVV.Sprint1.Task0.V30.Test", "Tyuiu.NazarenkoVV.Sprint1.Task0.V30.Test\Tyuiu.NazarenkoVV.Sprint1.Task0.V30.Test.csproj", "{D31BF750-781C-424F-92B1-711E4CA0E092}"
EndProject
Project("{2150E333-8FDC-42A3-9474-1A3956D46DE8}") = "Task1", "Task1", "{AF955E8A-8A15-4911-B62D-6EE54532103B}"
EndProject
Project("{9A19103F-16F7-4668-BE54-9A1E7A4F7556}") = "Tyuiu.NazarenkoVV.Sprint1.Task1.V22", "Tyuiu.NazarenkoVV.Sprint1.Task1.V22\Tyuiu.NazarenkoVV.Sprint1.Task1.V22.csproj", "{1AE63DC6-E24C-4B46-897E-6A2AA94EAB7A}"
EndProject
Project("{9A19103F-16F7-4668-BE54-9A1E7A4F7556}") = "Tyuiu.NazarenkoVV.Sprint1.Task1.V22.Lib", "Tyuiu.NazarenkoVV.Sprint1.Task1.V22.Lib\Tyuiu.NazarenkoVV.Sprint1.Task1.V22.Lib.csproj", "{2496DEBE-BA49-422F-9E12-13BAED685A06}"
EndProject
Project("{9A19103F-16F7-4668-BE54-9A1E7A4F7556}") = "Tyuiu.NazarenkoVV.Sprint1.Task1.V22.Test", "Tyuiu.NazarenkoVV.Sprint1.Task1.V22.Test\Tyuiu.NazarenkoVV.Sprint1.Task1.V22.Test.csproj", "{68A3B497-EC5A-4484-B193-47CA9A8F69F7}"
EndProject
Project("{2150E333-8FDC-42A3-9474-1A3956D46DE8}") = "Task2", "Task2", "{C175B8B8-CE0A-4EDF-8EEF-D447EA47EA54}"
EndProject
Project("{9A19103F-16F7-4668-BE54-9A1E7A4F7556}") = "Tyuiu.NazarenkoVV.Sprint1.Task2.V8", "Tyuiu.NazarenkoVV.Sprint1.Task2.V8\Tyuiu.NazarenkoVV.Sprint1.Task2.V8.csproj", "{CC3CE935-FB25-41BE-AEE4-A4B7EAADA37C}"
EndProject
Project("{9A19103F-16F7-4668-BE54-9A1E7A4F7556}") = "Tyuiu.NazarenkoVV.Sprint1.Task2.V8.Lib", "Tyuiu.NazarenkoVV.Sprint1.Task2.V8.Lib\Tyuiu.NazarenkoVV.Sprint1.Task2.V8.Lib.csproj", "{67D49645-AB47-4993-8B85-72DF5838605A}"
EndProject
Project("{9A19103F-16F7-4668-BE54-9A1E7A4F7556}") = "Tyuiu.NazarenkoVV.Sprint1.Task2.V8.Test", "Tyuiu.NazarenkoVV.Sprint1.Task2.V8.Test\Tyuiu.NazarenkoVV.Sprint1.Task2.V8.Test.csproj", "{CD92F2F1-0A32-411D-9E6B-B56EEA7EF18D}"
EndProject
Project("{2150E333-8FDC-42A3-9474-1A3956D46DE8}") = "Task3", "Task3", "{A0060B6E-731F-41D0-92EB-8CBE8FD14C3C}"
EndProject
Project("{9A19103F-16F7-4668-BE54-9A1E7A4F7556}") = "Tyuiu.NazarenkoVV.Sprint1.Task3.V9", "Tyuiu.NazarenkoVV.Sprint1.Task3.V9\Tyuiu.NazarenkoVV.Sprint1.Task3.V9.csproj", "{93FED8CF-4985-4C77-9131-440051559C50}"
EndProject
Project("{9A19103F-16F7-4668-BE54-9A1E7A4F7556}") = "Tyuiu.NazarenkoVV.Sprint1.Task3.V9.Lib", "Tyuiu.NazarenkoVV.Sprint1.Task3.V9.Lib\Tyuiu.NazarenkoVV.Sprint1.Task3.V9.Lib.csproj", "{BA599FAE-E2C0-4B57-9BB1-EBBE08694F14}"
EndProject
Project("{9A19103F-16F7-4668-BE54-9A1E7A4F7556}") = "Tyuiu.NazarenkoVV.Sprint1.Task3.V9.Test", "Tyuiu.NazarenkoVV.Sprint1.Task3.V9.Test\Tyuiu.NazarenkoVV.Sprint1.Task3.V9.Test.csproj", "{1CD1A30C-3DA1-49FF-B669-89EC5033998B}"
EndProject
Project("{2150E333-8FDC-42A3-9474-1A3956D46DE8}") = "Task4", "Task4", "{EFAEAB1E-2874-4ADE-93D1-EB0A8B3180F2}"
EndProject
Project("{FAE04EC0-301F-11D3-BF4B-00C04F79EFBC}") = "Tyuiu.NazarenkoVV.Sprint1.Task4.V23", "Tyuiu.NazarenkoVV.Sprint1.Task4.V23\Tyuiu.NazarenkoVV.Sprint1.Task4.V23.csproj", "{598CBF29-A4DA-4CF2-81D1-D4355E99D9BC}"
EndProject
Project("{FAE04EC0-301F-11D3-BF4B-00C04F79EFBC}") = "Tyuiu.NazarenkoVV.Sprint1.Task4.V23.Lib", "Tyuiu.NazarenkoVV.Sprint1.Task4.V23.Lib\Tyuiu.NazarenkoVV.Sprint1.Task4.V23.Lib.csproj", "{4CC5CB18-C3E8-4C31-9B44-283107C43824}"
EndProject
Project("{FAE04EC0-301F-11D3-BF4B-00C04F79EFBC}") = "Tyuiu.NazarenkoVV.Sprint1.Task4.V23.Test", "Tyuiu.NazarenkoVV.Sprint1.Task4.V23.Test\Tyuiu.NazarenkoVV.Sprint1.Task4.V23.Test.csproj", "{F4859E22-F6D5-4CCB-866C-3D5C068C7BED}"
EndProject
Global
	GlobalSection(SolutionConfigurationPlatforms) = preSolution
		Debug|Any CPU = Debug|Any CPU
		Release|Any CPU = Release|Any CPU
	EndGlobalSection
	GlobalSection(ProjectConfigurationPlatforms) = postSolution
		{CDABF70B-1F94-4241-8E7F-88A019200C32}.Debug|Any CPU.ActiveCfg = Debug|Any CPU
		{CDABF70B-1F94-4241-8E7F-88A019200C32}.Debug|Any CPU.Build.0 = Debug|Any CPU
		{CDABF70B-1F94-4241-8E7F-88A019200C32}.Release|Any CPU.ActiveCfg = Release|Any CPU
		{CDABF70B-1F94-4241-8E7F-88A019200C32}.Release|Any CPU.Build.0 = Release|Any CPU
		{F1CBFA1B-1D8F-4713-97AD-1A4A0CC33FB4}.Debug|Any CPU.ActiveCfg = Debug|Any CPU
		{F1CBFA1B-1D8F-4713-97AD-1A4A0CC33FB4}.Debug|Any CPU.Build.0 = Debug|Any CPU
		{F1CBFA1B-1D8F-4713-97AD-1A4A0CC33FB4}.Release|Any CPU.ActiveCfg = Release|Any CPU
		{F1CBFA1B-1D8F-4713-97AD-1A4A0CC33FB4}.Release|Any CPU.Build.0 = Release|Any CPU
		{D31BF750-781C-424F-92B1-711E4CA0E092}.Debug|Any CPU.ActiveCfg = Debug|Any CPU
		{D31BF750-781C-424F-92B1-711E4CA0E092}.Debug|Any CPU.Build.0 = Debug|Any CPU
		{D31BF750-781C-424F-92B1-711E4CA0E092}.Release|Any CPU.ActiveCfg = Release|Any CPU
		{D31BF750-781C-424F-92B1-711E4CA0E092}.Release|Any CPU.Build.0 = Release|Any CPU
		{1AE63DC6-E24C-4B46-897E-6A2AA94EAB7A}.Debug|Any CPU.ActiveCfg = Debug|Any CPU
		{1AE63DC6-E24C-4B46-897E-6A2AA94EAB7A}.Debug|Any CPU.Build.0 = Debug|Any CPU
		{1AE63DC6-E24C-4B46-897E-6A2AA94EAB7A}.Release|Any CPU.ActiveCfg = Release|Any CPU
		{1AE63DC6-E24C-4B46-897E-6A2AA94EAB7A}.Release|Any CPU.Build.0 = Release|Any CPU
		{2496DEBE-BA49-422F-9E12-13BAED685A06}.Debug|Any CPU.ActiveCfg = Debug|Any CPU
		{2496DEBE-BA49-422F-9E12-13BAED685A06}.Debug|Any CPU.Build.0 = Debug|Any CPU
		{2496DEBE-BA49-422F-9E12-13BAED685A06}.Release|Any CPU.ActiveCfg = Release|Any CPU
		{2496DEBE-BA49-422F-9E12-13BAED685A06}.Release|Any CPU.Build.0 = Release|Any CPU
		{68A3B497-EC5A-4484-B193-47CA9A8F69F7}.Debug|Any CPU.ActiveCfg = Debug|Any CPU
		{68A3B497-EC5A-4484-B193-47CA9A8F69F7}.Debug|Any CPU.Build.0 = Debug|Any CPU
		{68A3B497-EC5A-4484-B193-47CA9A8F69F7}.Release|Any CPU.ActiveCfg = Release|Any CPU
		{68A3B497-EC5A-4484-B193-47CA9A8F69F7}.Release|Any CPU.Build.0 = Release|Any CPU
		{CC3CE935-FB25-41BE-AEE4-A4B7EAADA37C}.Debug|Any CPU.ActiveCfg = Debug|Any CPU
		{CC3CE935-FB25-41BE-AEE4-A4B7EAADA37C}.Debug|Any CPU.Build.0 = Debug|Any CPU
		{CC3CE935-FB25-41BE-AEE4-A4B7EAADA37C}.Release|Any CPU.ActiveCfg = Release|Any CPU
		{CC3CE935-FB25-41BE-AEE4-A4B7EAADA37C}.Release|Any CPU.Build.0 = Release|Any CPU
		{67D49645-AB47-4993-8B85-72DF5838605A}.Debug|Any CPU.ActiveCfg = Debug|Any CPU
		{67D49645-AB47-4993-8B85-72DF5838605A}.Debug|Any CPU.Build.0 = Debug|Any CPU
		{67D49645-AB47-4993-8B85-72DF5838605A}.Release|Any CPU.ActiveCfg = Release|Any CPU
		{67D49645-AB47-4993-8B85-72DF5838605A}.Release|Any CPU.Build.0 = Release|Any CPU
		{CD92F2F1-0A32-411D-9E6B-B56EEA7EF18D}.Debug|Any CPU.ActiveCfg = Debug|Any CPU
		{CD92F2F1-0A32-411D-9E6B-B56EEA7EF18D}.Debug|Any CPU.Build.0 = Debug|Any CPU
		{CD92F2F1-0A32-411D-9E6B-B56EEA7EF18D}.Release|Any CPU.ActiveCfg = Release|Any CPU
		{CD92F2F1-0A32-411D-9E6B-B56EEA7EF18D}.Release|Any CPU.Build.0 = Release|Any CPU
		{93FED8CF-4985-4C77-9131-440051559C50}.Debug|Any CPU.ActiveCfg = Debug|Any CPU
		{93FED8CF-4985-4C77-9131-440051559C50}.Debug|Any CPU.Build.0 = Debug|Any CPU
		{93FED8CF-4985-4C77-9131-440051559C50}.Release|Any CPU.ActiveCfg = Release|Any CPU
		{93FED8CF-4985-4C77-9131-440051559C50}.Release|Any CPU.Build.0 = Release|Any CPU
		{BA599FAE-E2C0-4B57-9BB1-EBBE08694F14}.Debug|Any CPU.ActiveCfg = Debug|Any CPU
		{BA599FAE-E2C0-4B57-9BB1-EBBE08694F14}.Debug|Any CPU.Build.0 = Debug|Any CPU
		{BA599FAE-E2C0-4B57-9BB1-EBBE08694F14}.Release|Any CPU.ActiveCfg = Release|Any CPU
		{BA599FAE-E2C0-4B57-9BB1-EBBE08694F14}.Release|Any CPU.Build.0 = Release|Any CPU
		{1CD1A30C-3DA1-49FF-B669-89EC5033998B}.Debug|Any CPU.ActiveCfg = Debug|Any CPU
		{1CD1A30C-3DA1-49FF-B669-89EC5033998B}.Debug|Any CPU.Build.0 = Debug|Any CPU
		{1CD1A30C-3DA1-49FF-B669-89EC5033998B}.Release|Any CPU.ActiveCfg = Release|Any CPU
		{1CD1A30C-3DA1-49FF-B669-89EC5033998B}.Release|Any CPU.Build.0 = Release|Any CPU
		{598CBF29-A4DA-4CF2-81D1-D4355E99D9BC}.Debug|Any CPU.ActiveCfg = Debug|Any CPU
		{598CBF29-A4DA-4CF2-81D1-D4355E99D9BC}.Debug|Any CPU.Build.0 = Debug|Any CPU
		{598CBF29-A4DA-4CF2-81D1-D4355E99D9BC}.Release|Any CPU.ActiveCfg = Release|Any CPU
		{598CBF29-A4DA-4CF2-81D1-D4355E99D9BC}.Release|Any CPU.Build.0 = Release|Any CPU
		{4CC5CB18-C3E8-4C31-9B44-283107C43824}.Debug|Any CPU.ActiveCfg = Debug|Any CPU
		{4CC5CB18-C3E8-4C31-9B44-283107C43824}.Debug|Any CPU.Build.0 = Debug|Any CPU
		{4CC5CB18-C3E8-4C31-9B44-283107C43824}.Release|Any CPU.ActiveCfg = Release|Any CPU
		{4CC5CB18-C3E8-4C31-9B44-283107C43824}.Release|Any CPU.Build.0 = Release|Any CPU
		{F4859E22-F6D5-4CCB-866C-3D5C068C7BED}.Debug|Any CPU.ActiveCfg = Debug|Any CPU
		{F4859E22-F6D5-4CCB-866C-3D5C068C7BED}.Debug|Any CPU.Build.0 = Debug|Any CPU
		{F4859E22-F6D5-4CCB-866C-3D5C068C7BED}.Release|Any CPU.ActiveCfg = Release|Any CPU
		{F4859E22-F6D5-4CCB-866C-3D5C068C7BED}.Release|Any CPU.Build.0 = Release|Any CPU
	EndGlobalSection
	GlobalSection(SolutionProperties) = preSolution
		HideSolutionNode = FALSE
	EndGlobalSection
	GlobalSection(NestedProjects) = preSolution
		{CDABF70B-1F94-4241-8E7F-88A019200C32} = {20D53A05-BF41-463B-A349-ADA0150B50BD}
		{F1CBFA1B-1D8F-4713-97AD-1A4A0CC33FB4} = {20D53A05-BF41-463B-A349-ADA0150B50BD}
		{D31BF750-781C-424F-92B1-711E4CA0E092} = {20D53A05-BF41-463B-A349-ADA0150B50BD}
		{1AE63DC6-E24C-4B46-897E-6A2AA94EAB7A} = {AF955E8A-8A15-4911-B62D-6EE54532103B}
		{2496DEBE-BA49-422F-9E12-13BAED685A06} = {AF955E8A-8A15-4911-B62D-6EE54532103B}
		{68A3B497-EC5A-4484-B193-47CA9A8F69F7} = {AF955E8A-8A15-4911-B62D-6EE54532103B}
		{CC3CE935-FB25-41BE-AEE4-A4B7EAADA37C} = {C175B8B8-CE0A-4EDF-8EEF-D447EA47EA54}
		{67D49645-AB47-4993-8B85-72DF5838605A} = {C175B8B8-CE0A-4EDF-8EEF-D447EA47EA54}
		{CD92F2F1-0A32-411D-9E6B-B56EEA7EF18D} = {C175B8B8-CE0A-4EDF-8EEF-D447EA47EA54}
		{93FED8CF-4985-4C77-9131-440051559C50} = {A0060B6E-731F-41D0-92EB-8CBE8FD14C3C}
		{BA599FAE-E2C0-4B57-9BB1-EBBE08694F14} = {A0060B6E-731F-41D0-92EB-8CBE8FD14C3C}
		{1CD1A30C-3DA1-49FF-B669-89EC5033998B} = {A0060B6E-731F-41D0-92EB-8CBE8FD14C3C}
		{598CBF29-A4DA-4CF2-81D1-D4355E99D9BC} = {EFAEAB1E-2874-4ADE-93D1-EB0A8B3180F2}
		{4CC5CB18-C3E8-4C31-9B44-283107C43824} = {EFAEAB1E-2874-4ADE-93D1-EB0A8B3180F2}
		{F4859E22-F6D5-4CCB-866C-3D5C068C7BED} = {EFAEAB1E-2874-4ADE-93D1-EB0A8B3180F2}
	EndGlobalSection
	GlobalSection(ExtensibilityGlobals) = postSolution
		SolutionGuid = {FEA2290F-FE2E-4992-ADFE-F6B349F27814}
	EndGlobalSection
EndGlobal
